
Microsoft Visual Studio Solution File, Format Version 12.00
# Visual Studio Version 17
VisualStudioVersion = 17.11.35219.272
MinimumVisualStudioVersion = 10.0.40219.1
Project("{8BC9CEB8-8B4A-11D0-8D11-00A0C91BC942}") = "practice01", "practice\practice01\practice01.vcxproj", "{80EAE47E-30B0-47D2-AB54-0E6EE64C3CC0}"
EndProject
Project("{8BC9CEB8-8B4A-11D0-8D11-00A0C91BC942}") = "practice02", "practice\practice02\practice02.vcxproj", "{8F6021C9-30E5-455A-A706-B5C2DE63666D}"
EndProject
Project("{8BC9CEB8-8B4A-11D0-8D11-00A0C91BC942}") = "project01", "projects\project01\project01.vcxproj", "{5FFAE5C3-8EEA-4416-A55D-AB135182DAD7}"
EndProject
Project("{8BC9CEB8-8B4A-11D0-8D11-00A0C91BC942}") = "practice03", "practice\practice03\practice03.vcxproj", "{83210D2E-3E0C-4AC6-944E-B4852344B7CC}"
EndProject
Project("{8BC9CEB8-8B4A-11D0-8D11-00A0C91BC942}") = "practice03_test", "tests\practice03_test\practice03_test.vcxproj", "{315D2D15-48D5-48ED-B07A-B343EB3A936E}"
EndProject
Project("{8BC9CEB8-8B4A-11D0-8D11-00A0C91BC942}") = "practice04_1a", "practice\practice04\practice04_1a\practice04_1a.vcxproj", "{BEC078B0-024E-4D4B-A55F-4AEE6CBCF78A}"
EndProject
Project("{8BC9CEB8-8B4A-11D0-8D11-00A0C91BC942}") = "practice04_2b", "practice\practice04\practice04_2b\practice04_2b.vcxproj", "{DE1E9CCF-185A-48CB-90E6-7438400A55AA}"
EndProject
Project("{2150E333-8FDC-42A3-9474-1A3956D46DE8}") = "practice04", "practice04", "{F5E41D06-1C1A-42EA-9F36-E7D9BC45F6DF}"
EndProject
Project("{8BC9CEB8-8B4A-11D0-8D11-00A0C91BC942}") = "practice06_1a", "practice\practice06\practice06_1a\practice06_1a.vcxproj", "{12489817-BEF5-4A58-B456-2F13B4B629D4}"
EndProject
Project("{2150E333-8FDC-42A3-9474-1A3956D46DE8}") = "practice06", "practice06", "{4E7EA367-35A4-47FE-BDF5-3145BD4C0DB6}"
EndProject
Project("{8BC9CEB8-8B4A-11D0-8D11-00A0C91BC942}") = "chipmunk_example", "practice\chipmunk_example\chipmunk_example.vcxproj", "{A7533BD6-0222-4039-9D9D-DF8E38B3ACE3}"
EndProject
Project("{8BC9CEB8-8B4A-11D0-8D11-00A0C91BC942}") = "practice12", "practice\practice12\practice12.vcxproj", "{73E21F64-2189-49AF-95AA-8AE615F83F41}"
EndProject
Project("{8BC9CEB8-8B4A-11D0-8D11-00A0C91BC942}") = "Project04", "projects\Project04\Project04.vcxproj", "{7FDD1438-98B8-438E-B02A-70F2D92F4B70}"
EndProject
Global
	GlobalSection(SolutionConfigurationPlatforms) = preSolution
		Debug|x64 = Debug|x64
		Debug|x86 = Debug|x86
		Release|x64 = Release|x64
		Release|x86 = Release|x86
	EndGlobalSection
	GlobalSection(ProjectConfigurationPlatforms) = postSolution
		{80EAE47E-30B0-47D2-AB54-0E6EE64C3CC0}.Debug|x64.ActiveCfg = Debug|x64
		{80EAE47E-30B0-47D2-AB54-0E6EE64C3CC0}.Debug|x64.Build.0 = Debug|x64
		{80EAE47E-30B0-47D2-AB54-0E6EE64C3CC0}.Debug|x86.ActiveCfg = Debug|Win32
		{80EAE47E-30B0-47D2-AB54-0E6EE64C3CC0}.Debug|x86.Build.0 = Debug|Win32
		{80EAE47E-30B0-47D2-AB54-0E6EE64C3CC0}.Release|x64.ActiveCfg = Release|x64
		{80EAE47E-30B0-47D2-AB54-0E6EE64C3CC0}.Release|x64.Build.0 = Release|x64
		{80EAE47E-30B0-47D2-AB54-0E6EE64C3CC0}.Release|x86.ActiveCfg = Release|Win32
		{80EAE47E-30B0-47D2-AB54-0E6EE64C3CC0}.Release|x86.Build.0 = Release|Win32
		{8F6021C9-30E5-455A-A706-B5C2DE63666D}.Debug|x64.ActiveCfg = Debug|x64
		{8F6021C9-30E5-455A-A706-B5C2DE63666D}.Debug|x64.Build.0 = Debug|x64
		{8F6021C9-30E5-455A-A706-B5C2DE63666D}.Debug|x86.ActiveCfg = Debug|Win32
		{8F6021C9-30E5-455A-A706-B5C2DE63666D}.Debug|x86.Build.0 = Debug|Win32
		{8F6021C9-30E5-455A-A706-B5C2DE63666D}.Release|x64.ActiveCfg = Release|x64
		{8F6021C9-30E5-455A-A706-B5C2DE63666D}.Release|x64.Build.0 = Release|x64
		{8F6021C9-30E5-455A-A706-B5C2DE63666D}.Release|x86.ActiveCfg = Release|Win32
		{8F6021C9-30E5-455A-A706-B5C2DE63666D}.Release|x86.Build.0 = Release|Win32
		{5FFAE5C3-8EEA-4416-A55D-AB135182DAD7}.Debug|x64.ActiveCfg = Debug|x64
		{5FFAE5C3-8EEA-4416-A55D-AB135182DAD7}.Debug|x64.Build.0 = Debug|x64
		{5FFAE5C3-8EEA-4416-A55D-AB135182DAD7}.Debug|x86.ActiveCfg = Debug|Win32
		{5FFAE5C3-8EEA-4416-A55D-AB135182DAD7}.Debug|x86.Build.0 = Debug|Win32
		{5FFAE5C3-8EEA-4416-A55D-AB135182DAD7}.Release|x64.ActiveCfg = Release|x64
		{5FFAE5C3-8EEA-4416-A55D-AB135182DAD7}.Release|x64.Build.0 = Release|x64
		{5FFAE5C3-8EEA-4416-A55D-AB135182DAD7}.Release|x86.ActiveCfg = Release|Win32
		{5FFAE5C3-8EEA-4416-A55D-AB135182DAD7}.Release|x86.Build.0 = Release|Win32
		{83210D2E-3E0C-4AC6-944E-B4852344B7CC}.Debug|x64.ActiveCfg = Debug|x64
		{83210D2E-3E0C-4AC6-944E-B4852344B7CC}.Debug|x64.Build.0 = Debug|x64
		{83210D2E-3E0C-4AC6-944E-B4852344B7CC}.Debug|x86.ActiveCfg = Debug|Win32
		{83210D2E-3E0C-4AC6-944E-B4852344B7CC}.Debug|x86.Build.0 = Debug|Win32
		{83210D2E-3E0C-4AC6-944E-B4852344B7CC}.Release|x64.ActiveCfg = Release|x64
		{83210D2E-3E0C-4AC6-944E-B4852344B7CC}.Release|x64.Build.0 = Release|x64
		{83210D2E-3E0C-4AC6-944E-B4852344B7CC}.Release|x86.ActiveCfg = Release|Win32
		{83210D2E-3E0C-4AC6-944E-B4852344B7CC}.Release|x86.Build.0 = Release|Win32
		{315D2D15-48D5-48ED-B07A-B343EB3A936E}.Debug|x64.ActiveCfg = Debug|x64
		{315D2D15-48D5-48ED-B07A-B343EB3A936E}.Debug|x64.Build.0 = Debug|x64
		{315D2D15-48D5-48ED-B07A-B343EB3A936E}.Debug|x86.ActiveCfg = Debug|Win32
		{315D2D15-48D5-48ED-B07A-B343EB3A936E}.Debug|x86.Build.0 = Debug|Win32
		{315D2D15-48D5-48ED-B07A-B343EB3A936E}.Release|x64.ActiveCfg = Release|x64
		{315D2D15-48D5-48ED-B07A-B343EB3A936E}.Release|x64.Build.0 = Release|x64
		{315D2D15-48D5-48ED-B07A-B343EB3A936E}.Release|x86.ActiveCfg = Release|Win32
		{315D2D15-48D5-48ED-B07A-B343EB3A936E}.Release|x86.Build.0 = Release|Win32
		{BEC078B0-024E-4D4B-A55F-4AEE6CBCF78A}.Debug|x64.ActiveCfg = Debug|x64
		{BEC078B0-024E-4D4B-A55F-4AEE6CBCF78A}.Debug|x64.Build.0 = Debug|x64
		{BEC078B0-024E-4D4B-A55F-4AEE6CBCF78A}.Debug|x86.ActiveCfg = Debug|Win32
		{BEC078B0-024E-4D4B-A55F-4AEE6CBCF78A}.Debug|x86.Build.0 = Debug|Win32
		{BEC078B0-024E-4D4B-A55F-4AEE6CBCF78A}.Release|x64.ActiveCfg = Release|x64
		{BEC078B0-024E-4D4B-A55F-4AEE6CBCF78A}.Release|x64.Build.0 = Release|x64
		{BEC078B0-024E-4D4B-A55F-4AEE6CBCF78A}.Release|x86.ActiveCfg = Release|Win32
		{BEC078B0-024E-4D4B-A55F-4AEE6CBCF78A}.Release|x86.Build.0 = Release|Win32
		{DE1E9CCF-185A-48CB-90E6-7438400A55AA}.Debug|x64.ActiveCfg = Debug|x64
		{DE1E9CCF-185A-48CB-90E6-7438400A55AA}.Debug|x64.Build.0 = Debug|x64
		{DE1E9CCF-185A-48CB-90E6-7438400A55AA}.Debug|x86.ActiveCfg = Debug|Win32
		{DE1E9CCF-185A-48CB-90E6-7438400A55AA}.Debug|x86.Build.0 = Debug|Win32
		{DE1E9CCF-185A-48CB-90E6-7438400A55AA}.Release|x64.ActiveCfg = Release|x64
		{DE1E9CCF-185A-48CB-90E6-7438400A55AA}.Release|x64.Build.0 = Release|x64
		{DE1E9CCF-185A-48CB-90E6-7438400A55AA}.Release|x86.ActiveCfg = Release|Win32
		{DE1E9CCF-185A-48CB-90E6-7438400A55AA}.Release|x86.Build.0 = Release|Win32
		{12489817-BEF5-4A58-B456-2F13B4B629D4}.Debug|x64.ActiveCfg = Debug|x64
		{12489817-BEF5-4A58-B456-2F13B4B629D4}.Debug|x64.Build.0 = Debug|x64
		{12489817-BEF5-4A58-B456-2F13B4B629D4}.Debug|x86.ActiveCfg = Debug|Win32
		{12489817-BEF5-4A58-B456-2F13B4B629D4}.Debug|x86.Build.0 = Debug|Win32
		{12489817-BEF5-4A58-B456-2F13B4B629D4}.Release|x64.ActiveCfg = Release|x64
		{12489817-BEF5-4A58-B456-2F13B4B629D4}.Release|x64.Build.0 = Release|x64
		{12489817-BEF5-4A58-B456-2F13B4B629D4}.Release|x86.ActiveCfg = Release|Win32
		{12489817-BEF5-4A58-B456-2F13B4B629D4}.Release|x86.Build.0 = Release|Win32
		{A7533BD6-0222-4039-9D9D-DF8E38B3ACE3}.Debug|x64.ActiveCfg = Debug|x64
		{A7533BD6-0222-4039-9D9D-DF8E38B3ACE3}.Debug|x64.Build.0 = Debug|x64
		{A7533BD6-0222-4039-9D9D-DF8E38B3ACE3}.Debug|x86.ActiveCfg = Debug|Win32
		{A7533BD6-0222-4039-9D9D-DF8E38B3ACE3}.Debug|x86.Build.0 = Debug|Win32
		{A7533BD6-0222-4039-9D9D-DF8E38B3ACE3}.Release|x64.ActiveCfg = Release|x64
		{A7533BD6-0222-4039-9D9D-DF8E38B3ACE3}.Release|x64.Build.0 = Release|x64
		{A7533BD6-0222-4039-9D9D-DF8E38B3ACE3}.Release|x86.ActiveCfg = Release|Win32
		{A7533BD6-0222-4039-9D9D-DF8E38B3ACE3}.Release|x86.Build.0 = Release|Win32
		{73E21F64-2189-49AF-95AA-8AE615F83F41}.Debug|x64.ActiveCfg = Debug|x64
		{73E21F64-2189-49AF-95AA-8AE615F83F41}.Debug|x64.Build.0 = Debug|x64
		{73E21F64-2189-49AF-95AA-8AE615F83F41}.Debug|x86.ActiveCfg = Debug|Win32
		{73E21F64-2189-49AF-95AA-8AE615F83F41}.Debug|x86.Build.0 = Debug|Win32
		{73E21F64-2189-49AF-95AA-8AE615F83F41}.Release|x64.ActiveCfg = Release|x64
		{73E21F64-2189-49AF-95AA-8AE615F83F41}.Release|x64.Build.0 = Release|x64
		{73E21F64-2189-49AF-95AA-8AE615F83F41}.Release|x86.ActiveCfg = Release|Win32
		{73E21F64-2189-49AF-95AA-8AE615F83F41}.Release|x86.Build.0 = Release|Win32
		{7FDD1438-98B8-438E-B02A-70F2D92F4B70}.Debug|x64.ActiveCfg = Debug|x64
		{7FDD1438-98B8-438E-B02A-70F2D92F4B70}.Debug|x64.Build.0 = Debug|x64
		{7FDD1438-98B8-438E-B02A-70F2D92F4B70}.Debug|x86.ActiveCfg = Debug|Win32
		{7FDD1438-98B8-438E-B02A-70F2D92F4B70}.Debug|x86.Build.0 = Debug|Win32
		{7FDD1438-98B8-438E-B02A-70F2D92F4B70}.Release|x64.ActiveCfg = Release|x64
		{7FDD1438-98B8-438E-B02A-70F2D92F4B70}.Release|x64.Build.0 = Release|x64
		{7FDD1438-98B8-438E-B02A-70F2D92F4B70}.Release|x86.ActiveCfg = Release|Win32
		{7FDD1438-98B8-438E-B02A-70F2D92F4B70}.Release|x86.Build.0 = Release|Win32
	EndGlobalSection
	GlobalSection(SolutionProperties) = preSolution
		HideSolutionNode = FALSE
	EndGlobalSection
	GlobalSection(NestedProjects) = preSolution
		{BEC078B0-024E-4D4B-A55F-4AEE6CBCF78A} = {F5E41D06-1C1A-42EA-9F36-E7D9BC45F6DF}
		{DE1E9CCF-185A-48CB-90E6-7438400A55AA} = {F5E41D06-1C1A-42EA-9F36-E7D9BC45F6DF}
		{12489817-BEF5-4A58-B456-2F13B4B629D4} = {4E7EA367-35A4-47FE-BDF5-3145BD4C0DB6}
	EndGlobalSection
	GlobalSection(ExtensibilityGlobals) = postSolution
		SolutionGuid = {21D38FFF-98AF-4FD2-819C-53F0F740AD6E}
	EndGlobalSection
EndGlobal
